
Microsoft Visual Studio Solution File, Format Version 12.00
# Visual Studio Version 17
VisualStudioVersion = 17.0.31912.275
MinimumVisualStudioVersion = 10.0.40219.1
Project("{FAE04EC0-301F-11D3-BF4B-00C04F79EFBC}") = "Tema80-Mostenire", "Tema80-Mostenire\Tema80-Mostenire.csproj", "{54857D35-BD11-4D72-86D4-475E2329EC4E}"
EndProject
Global
	GlobalSection(SolutionConfigurationPlatforms) = preSolution
		Debug|Any CPU = Debug|Any CPU
		Release|Any CPU = Release|Any CPU
	EndGlobalSection
	GlobalSection(ProjectConfigurationPlatforms) = postSolution
		{54857D35-BD11-4D72-86D4-475E2329EC4E}.Debug|Any CPU.ActiveCfg = Debug|Any CPU
		{54857D35-BD11-4D72-86D4-475E2329EC4E}.Debug|Any CPU.Build.0 = Debug|Any CPU
		{54857D35-BD11-4D72-86D4-475E2329EC4E}.Release|Any CPU.ActiveCfg = Release|Any CPU
		{54857D35-BD11-4D72-86D4-475E2329EC4E}.Release|Any CPU.Build.0 = Release|Any CPU
	EndGlobalSection
	GlobalSection(SolutionProperties) = preSolution
		HideSolutionNode = FALSE
	EndGlobalSection
	GlobalSection(ExtensibilityGlobals) = postSolution
		SolutionGuid = {CF6F9F37-1629-43F0-831B-BD50BC3B8495}
	EndGlobalSection
EndGlobal
